
Microsoft Visual Studio Solution File, Format Version 12.00
# Visual Studio for Mac
Project("{FAE04EC0-301F-11D3-BF4B-00C04F79EFBC}") = "Assembly-CSharp", "Assembly-CSharp.csproj", "{5D94202F-D2F4-75A7-54A5-12DAFDF19DFC}"
EndProject
Project("{FAE04EC0-301F-11D3-BF4B-00C04F79EFBC}") = "Assembly-CSharp-Editor", "Assembly-CSharp-Editor.csproj", "{0D863269-F38E-043B-C324-E1AAB771AF28}"
EndProject
Global
	GlobalSection(SolutionConfigurationPlatforms) = preSolution
		Debug|Any CPU = Debug|Any CPU
		Release|Any CPU = Release|Any CPU
	EndGlobalSection
	GlobalSection(ProjectConfigurationPlatforms) = postSolution
		{5D94202F-D2F4-75A7-54A5-12DAFDF19DFC}.Debug|Any CPU.ActiveCfg = Debug|Any CPU
		{5D94202F-D2F4-75A7-54A5-12DAFDF19DFC}.Debug|Any CPU.Build.0 = Debug|Any CPU
		{5D94202F-D2F4-75A7-54A5-12DAFDF19DFC}.Release|Any CPU.ActiveCfg = Release|Any CPU
		{5D94202F-D2F4-75A7-54A5-12DAFDF19DFC}.Release|Any CPU.Build.0 = Release|Any CPU
		{0D863269-F38E-043B-C324-E1AAB771AF28}.Debug|Any CPU.ActiveCfg = Debug|Any CPU
		{0D863269-F38E-043B-C324-E1AAB771AF28}.Debug|Any CPU.Build.0 = Debug|Any CPU
		{0D863269-F38E-043B-C324-E1AAB771AF28}.Release|Any CPU.ActiveCfg = Release|Any CPU
		{0D863269-F38E-043B-C324-E1AAB771AF28}.Release|Any CPU.Build.0 = Release|Any CPU
	EndGlobalSection
	GlobalSection(SolutionProperties) = preSolution
		HideSolutionNode = FALSE
	EndGlobalSection
EndGlobal
